{
  "name": "json-schema-shootout",
  "version": "1.0.0",
  "lockfileVersion": 1,
  "requires": true,
  "dependencies": {
    "@korzio/djv-draft-04": {
      "version": "2.0.0",
      "resolved": "https://registry.npmjs.org/@korzio/djv-draft-04/-/djv-draft-04-2.0.0.tgz",
      "integrity": "sha1-m0WabHKyqcUL9O8dJJvbWN2EBWY=",
      "optional": true
    },
    "ajv": {
      "version": "5.3.0",
      "resolved": "https://registry.npmjs.org/ajv/-/ajv-5.3.0.tgz",
      "integrity": "sha1-RBT/dKUIecII7l/cgm4ywwNUnto=",
      "requires": {
        "co": "4.6.0",
        "fast-deep-equal": "1.0.0",
        "fast-json-stable-stringify": "2.0.0",
        "json-schema-traverse": "0.3.1"
      }
    },
    "amdefine": {
      "version": "1.0.1",
      "resolved": "https://registry.npmjs.org/amdefine/-/amdefine-1.0.1.tgz",
      "integrity": "sha1-SlKCrBZHKek2Gbz9OtFR+BfOkfU="
    },
    "async": {
      "version": "0.2.10",
      "resolved": "https://registry.npmjs.org/async/-/async-0.2.10.tgz",
      "integrity": "sha1-trvgsGdLnXGXCMo43owjfLUmw9E="
    },
    "co": {
      "version": "4.6.0",
      "resolved": "https://registry.npmjs.org/co/-/co-4.6.0.tgz",
      "integrity": "sha1-bqa989hTrlTMuOR7+gvz+QMfsYQ="
    },
    "colors": {
      "version": "1.1.2",
      "resolved": "https://registry.npmjs.org/colors/-/colors-1.1.2.tgz",
      "integrity": "sha1-FopHAXVran9RoSzgyXv6KMCE7WM="
    },
    "commander": {
      "version": "2.11.0",
      "resolved": "https://registry.npmjs.org/commander/-/commander-2.11.0.tgz",
      "integrity": "sha512-b0553uYA5YAEGgyYIGYROzKQ7X5RAqedkfjiZxwi0kL1g3bOaBNNZfYkzt/CL0umgD5wc9Jec2FbB98CjkMRvQ==",
      "optional": true
    },
    "djv": {
      "version": "2.0.0",
      "resolved": "https://registry.npmjs.org/djv/-/djv-2.0.0.tgz",
      "integrity": "sha1-CRjKWDCn5mbxOhl3dk3fHMKZglQ=",
      "requires": {
        "@korzio/djv-draft-04": "2.0.0"
      }
    },
    "fast-deep-equal": {
      "version": "1.0.0",
      "resolved": "https://registry.npmjs.org/fast-deep-equal/-/fast-deep-equal-1.0.0.tgz",
      "integrity": "sha1-liVqO8l1WV6zbYLpkp0GDYk0Of8="
    },
    "fast-json-stable-stringify": {
      "version": "2.0.0",
      "resolved": "https://registry.npmjs.org/fast-json-stable-stringify/-/fast-json-stable-stringify-2.0.0.tgz",
      "integrity": "sha1-1RQsDK7msRifh9OnYREGT4bIu/I="
    },
    "generate-function": {
      "version": "2.0.0",
      "resolved": "https://registry.npmjs.org/generate-function/-/generate-function-2.0.0.tgz",
      "integrity": "sha1-aFj+fAlpt9TpCTM3ZHrHn2DfvnQ="
    },
    "generate-object-property": {
      "version": "1.2.0",
      "resolved": "https://registry.npmjs.org/generate-object-property/-/generate-object-property-1.2.0.tgz",
      "integrity": "sha1-nA4cQDCM6AT0eDYYuTf6iPmdUNA=",
      "requires": {
        "is-property": "1.0.2"
      }
    },
    "is-my-json-valid": {
      "version": "2.16.1",
      "resolved": "https://registry.npmjs.org/is-my-json-valid/-/is-my-json-valid-2.16.1.tgz",
      "integrity": "sha512-ochPsqWS1WXj8ZnMIV0vnNXooaMhp7cyL4FMSIPKTtnV0Ha/T19G2b9kkhcNsabV9bxYkze7/aLZJb/bYuFduQ==",
      "requires": {
        "generate-function": "2.0.0",
        "generate-object-property": "1.2.0",
        "jsonpointer": "4.0.1",
        "xtend": "4.0.1"
      }
    },
    "is-property": {
      "version": "1.0.2",
      "resolved": "https://registry.npmjs.org/is-property/-/is-property-1.0.2.tgz",
      "integrity": "sha1-V/4cTkhHTt1lsJkR8msc1Ald2oQ="
    },
    "jsck": {
      "version": "0.3.2",
      "resolved": "https://registry.npmjs.org/jsck/-/jsck-0.3.2.tgz",
      "integrity": "sha1-jgazG7V7AJDlA91O5q0PJp3/GlU="
    },
    "jsen": {
      "version": "0.6.6",
      "resolved": "https://registry.npmjs.org/jsen/-/jsen-0.6.6.tgz",
      "integrity": "sha1-AkDBjPETUKwCFFb0in6xO9Z+BCA="
    },
    "json-schema-traverse": {
      "version": "0.3.1",
      "resolved": "https://registry.npmjs.org/json-schema-traverse/-/json-schema-traverse-0.3.1.tgz",
      "integrity": "sha1-NJptRMU6Ud6JtAgFxdXlm0F9M0A="
    },
    "jsonpointer": {
      "version": "4.0.1",
      "resolved": "https://registry.npmjs.org/jsonpointer/-/jsonpointer-4.0.1.tgz",
      "integrity": "sha1-T9kss04OnbPInIYi7PUfm5eMbLk="
    },
    "jsonschema": {
      "version": "1.2.0",
      "resolved": "https://registry.npmjs.org/jsonschema/-/jsonschema-1.2.0.tgz",
      "integrity": "sha512-XDJApzBauMg0TinJNP4iVcJl99PQ4JbWKK7nwzpOIkAOVveDKgh/2xm41T3x7Spu4PWMhnnQpNJmUSIUgl6sKg=="
    },
    "lodash.get": {
      "version": "4.4.2",
      "resolved": "https://registry.npmjs.org/lodash.get/-/lodash.get-4.4.2.tgz",
      "integrity": "sha1-LRd/ZS+jHpObRDjVNBSZ36OCXpk="
    },
    "lodash.isequal": {
      "version": "4.5.0",
      "resolved": "https://registry.npmjs.org/lodash.isequal/-/lodash.isequal-4.5.0.tgz",
      "integrity": "sha1-QVxEePK8wwEgwizhDtMib30+GOA="
    },
    "optimist": {
      "version": "0.3.7",
      "resolved": "https://registry.npmjs.org/optimist/-/optimist-0.3.7.tgz",
      "integrity": "sha1-yQlBrVnkJzMokjB00s8ufLxuwNk=",
      "requires": {
        "wordwrap": "0.0.3"
      }
    },
    "schemasaurus": {
      "version": "0.7.8",
      "resolved": "https://registry.npmjs.org/schemasaurus/-/schemasaurus-0.7.8.tgz",
      "integrity": "sha1-1p5xLrRHZEQqOCxgIwuu/hBiTq8="
    },
    "skeemas": {
      "version": "1.2.4",
      "resolved": "https://registry.npmjs.org/skeemas/-/skeemas-1.2.4.tgz",
      "integrity": "sha1-PBkn6PVrIc/YjgfI7ucBqFsjS60=",
      "requires": {
        "skeemas-json-pointer": "1.0.0",
        "skeemas-json-refs": "1.0.1"
      }
    },
    "skeemas-json-pointer": {
      "version": "1.0.0",
      "resolved": "https://registry.npmjs.org/skeemas-json-pointer/-/skeemas-json-pointer-1.0.0.tgz",
      "integrity": "sha1-xlL+60IfHLeEn9iKDAQn0VOQSL0="
    },
    "skeemas-json-refs": {
      "version": "1.0.1",
      "resolved": "https://registry.npmjs.org/skeemas-json-refs/-/skeemas-json-refs-1.0.1.tgz",
      "integrity": "sha1-OoNHJ44gd4rUmdfkOdbkTE9WWAc=",
      "requires": {
        "skeemas-json-pointer": "1.0.0"
      }
    },
    "source-map": {
      "version": "0.1.34",
      "resolved": "https://registry.npmjs.org/source-map/-/source-map-0.1.34.tgz",
      "integrity": "sha1-p8/omux7FoLDsZjQrPtH19CQVms=",
      "requires": {
        "amdefine": "1.0.1"
      }
    },
    "themis": {
      "version": "1.1.6",
      "resolved": "https://registry.npmjs.org/themis/-/themis-1.1.6.tgz",
      "integrity": "sha1-wi2K5c1YK6T8Nkgl6Eej9cr9X3I=",
      "requires": {
        "uglify-js": "2.4.15"
      }
    },
    "tv4": {
      "version": "1.3.0",
      "resolved": "https://registry.npmjs.org/tv4/-/tv4-1.3.0.tgz",
      "integrity": "sha1-0CDIRvrdUMhVq7JeuuzGj8EPeWM="
    },
    "uglify-js": {
      "version": "2.4.15",
      "resolved": "https://registry.npmjs.org/uglify-js/-/uglify-js-2.4.15.tgz",
      "integrity": "sha1-ErxthDRfvDBuE/cHXWQ3qL9k1+M=",
      "requires": {
        "async": "0.2.10",
        "optimist": "0.3.7",
        "source-map": "0.1.34",
        "uglify-to-browserify": "1.0.2"
      }
    },
    "uglify-to-browserify": {
      "version": "1.0.2",
      "resolved": "https://registry.npmjs.org/uglify-to-browserify/-/uglify-to-browserify-1.0.2.tgz",
      "integrity": "sha1-bgkk1r2mta/jSeOabWMoUKD4grc="
    },
    "validator": {
      "version": "9.1.1",
      "resolved": "https://registry.npmjs.org/validator/-/validator-9.1.1.tgz",
      "integrity": "sha512-1TGGX1GKilfmcEa9rm+9nI9AqIUQK8oj4jZI0DmTGLTPM5jmowBBhyBIHCks73+P1QPZk2i6oOYUq583uOetHQ=="
    },
    "wordwrap": {
      "version": "0.0.3",
      "resolved": "https://registry.npmjs.org/wordwrap/-/wordwrap-0.0.3.tgz",
      "integrity": "sha1-o9XabNXAvAAI03I0u68b7WMFkQc="
    },
    "xtend": {
      "version": "4.0.1",
      "resolved": "https://registry.npmjs.org/xtend/-/xtend-4.0.1.tgz",
      "integrity": "sha1-pcbVMr5lbiPbgg77lDofBJmNY68="
    },
    "z-schema": {
      "version": "3.19.0",
      "resolved": "https://registry.npmjs.org/z-schema/-/z-schema-3.19.0.tgz",
      "integrity": "sha512-V94f3ODuluBS4kQLLjNhwoMek0dyIXCsvNu/A17dAyJ6sMhT5KkJQwSn07R0naByLIXJWMDk+ruMfI/3G3hS4Q==",
      "requires": {
        "commander": "2.11.0",
        "lodash.get": "4.4.2",
        "lodash.isequal": "4.5.0",
        "validator": "9.1.1"
      }
    }
  }
}
